
Microsoft Visual Studio Solution File, Format Version 12.00
# Visual Studio Version 17
VisualStudioVersion = 17.5.002.0
MinimumVisualStudioVersion = 10.0.40219.1
Project("{2150E333-8FDC-42A3-9474-1A3956D46DE8}") = "prepare", "prepare", "{F222B97D-85BA-4A9C-866B-228E554790D1}"
EndProject
Project("{9A19103F-16F7-4668-BE54-9A1E7A4F7556}") = "Learning02", "prepare\Learning02\Learning02.csproj", "{EF3C361E-4329-4AAE-9447-97B05CD62145}"
EndProject
Project("{9A19103F-16F7-4668-BE54-9A1E7A4F7556}") = "Learning05", "prepare\Learning05\Learning05.csproj", "{22B7D3D3-2466-4B54-8D68-C6DA0F6E1668}"
EndProject
Project("{9A19103F-16F7-4668-BE54-9A1E7A4F7556}") = "Learning04", "prepare\Learning04\Learning04.csproj", "{A81E9975-FAD3-4487-A926-A9160DC55A3E}"
EndProject
Project("{9A19103F-16F7-4668-BE54-9A1E7A4F7556}") = "Learning03", "prepare\Learning03\Learning03.csproj", "{F261FF7F-DCE4-4A5E-A921-D291066A3E34}"
EndProject
Project("{2150E333-8FDC-42A3-9474-1A3956D46DE8}") = "prove", "prove", "{94715045-3299-4D2A-9324-10755A65E3C4}"
EndProject
Project("{9A19103F-16F7-4668-BE54-9A1E7A4F7556}") = "Develop03", "prove\Develop03\Develop03.csproj", "{F561D4FB-93AC-4EA0-B486-DF6CB41820C7}"
EndProject
Project("{9A19103F-16F7-4668-BE54-9A1E7A4F7556}") = "Develop04", "prove\Develop04\Develop04.csproj", "{1E3617E1-BDCD-4ABF-9979-DC5B1D313807}"
EndProject
Project("{9A19103F-16F7-4668-BE54-9A1E7A4F7556}") = "Develop05", "prove\Develop05\Develop05.csproj", "{6C3E126D-C803-4FA8-BA6E-BA76EE4ED7BA}"
EndProject
Project("{9A19103F-16F7-4668-BE54-9A1E7A4F7556}") = "Develop02", "prove\Develop02\Develop02.csproj", "{18BA218F-8E2B-4F1D-905F-5D9802DE732F}"
EndProject
Project("{2150E333-8FDC-42A3-9474-1A3956D46DE8}") = "sandbox", "sandbox", "{05C62DD9-2BDD-4783-9907-8F92A830C5BF}"
EndProject
Project("{9A19103F-16F7-4668-BE54-9A1E7A4F7556}") = "Sandbox", "sandbox\Sandbox\Sandbox.csproj", "{FE83B116-3BC2-4A00-9B06-984D0AE2A72E}"
EndProject
Project("{2150E333-8FDC-42A3-9474-1A3956D46DE8}") = "final", "final", "{85596D5F-2443-4C5F-B74F-C39DEDD04B62}"
EndProject
Project("{9A19103F-16F7-4668-BE54-9A1E7A4F7556}") = "FinalProject", "final\FinalProject\FinalProject.csproj", "{7A6D7CAB-6BC3-4D9C-A3F3-39AB2096FE14}"
EndProject
Project("{9A19103F-16F7-4668-BE54-9A1E7A4F7556}") = "Foundation1", "final\Foundation1\Foundation1.csproj", "{7CB8AC68-31A9-4C13-BD79-34D5DC958B29}"
EndProject
Project("{9A19103F-16F7-4668-BE54-9A1E7A4F7556}") = "Foundation4", "final\Foundation4\Foundation4.csproj", "{60D0F8D9-3BE0-4A33-A38F-A45BC34506CF}"
EndProject
Project("{9A19103F-16F7-4668-BE54-9A1E7A4F7556}") = "Foundation3", "final\Foundation3\Foundation3.csproj", "{8A758D5B-B7C3-4E51-A853-026AB61A0A45}"
EndProject
Project("{9A19103F-16F7-4668-BE54-9A1E7A4F7556}") = "Foundation2", "final\Foundation2\Foundation2.csproj", "{18D16F82-EEFC-4020-B8EE-9A46AF17ECC6}"
EndProject
Project("{2150E333-8FDC-42A3-9474-1A3956D46DE8}") = "csharp-prep", "csharp-prep", "{6A17BA15-66FA-426D-9E6E-7F99BC5FDC86}"
EndProject
Project("{9A19103F-16F7-4668-BE54-9A1E7A4F7556}") = "Prep1", "csharp-prep\Prep1\Prep1.csproj", "{FDFB23DA-3443-4385-9081-81ADD0526170}"
EndProject
Project("{9A19103F-16F7-4668-BE54-9A1E7A4F7556}") = "Prep5", "csharp-prep\Prep5\Prep5.csproj", "{47E1CD19-BCA9-47D8-B3E0-48B05A3D9234}"
EndProject
Project("{9A19103F-16F7-4668-BE54-9A1E7A4F7556}") = "Prep2", "csharp-prep\Prep2\Prep2.csproj", "{33DCEEEF-8775-48D6-9E0E-C520D59AF475}"
EndProject
Project("{9A19103F-16F7-4668-BE54-9A1E7A4F7556}") = "Prep3", "csharp-prep\Prep3\Prep3.csproj", "{7CCB8AA7-30AE-429E-A8D5-DE1B685F6527}"
EndProject
Project("{9A19103F-16F7-4668-BE54-9A1E7A4F7556}") = "Prep4", "csharp-prep\Prep4\Prep4.csproj", "{0AEE01F5-9DA1-4C2D-9DBC-A44C1901FD71}"
EndProject
Global
	GlobalSection(SolutionConfigurationPlatforms) = preSolution
		Debug|Any CPU = Debug|Any CPU
		Release|Any CPU = Release|Any CPU
	EndGlobalSection
	GlobalSection(ProjectConfigurationPlatforms) = postSolution
		{EF3C361E-4329-4AAE-9447-97B05CD62145}.Debug|Any CPU.ActiveCfg = Debug|Any CPU
		{EF3C361E-4329-4AAE-9447-97B05CD62145}.Debug|Any CPU.Build.0 = Debug|Any CPU
		{EF3C361E-4329-4AAE-9447-97B05CD62145}.Release|Any CPU.ActiveCfg = Release|Any CPU
		{EF3C361E-4329-4AAE-9447-97B05CD62145}.Release|Any CPU.Build.0 = Release|Any CPU
		{22B7D3D3-2466-4B54-8D68-C6DA0F6E1668}.Debug|Any CPU.ActiveCfg = Debug|Any CPU
		{22B7D3D3-2466-4B54-8D68-C6DA0F6E1668}.Debug|Any CPU.Build.0 = Debug|Any CPU
		{22B7D3D3-2466-4B54-8D68-C6DA0F6E1668}.Release|Any CPU.ActiveCfg = Release|Any CPU
		{22B7D3D3-2466-4B54-8D68-C6DA0F6E1668}.Release|Any CPU.Build.0 = Release|Any CPU
		{A81E9975-FAD3-4487-A926-A9160DC55A3E}.Debug|Any CPU.ActiveCfg = Debug|Any CPU
		{A81E9975-FAD3-4487-A926-A9160DC55A3E}.Debug|Any CPU.Build.0 = Debug|Any CPU
		{A81E9975-FAD3-4487-A926-A9160DC55A3E}.Release|Any CPU.ActiveCfg = Release|Any CPU
		{A81E9975-FAD3-4487-A926-A9160DC55A3E}.Release|Any CPU.Build.0 = Release|Any CPU
		{F261FF7F-DCE4-4A5E-A921-D291066A3E34}.Debug|Any CPU.ActiveCfg = Debug|Any CPU
		{F261FF7F-DCE4-4A5E-A921-D291066A3E34}.Debug|Any CPU.Build.0 = Debug|Any CPU
		{F261FF7F-DCE4-4A5E-A921-D291066A3E34}.Release|Any CPU.ActiveCfg = Release|Any CPU
		{F261FF7F-DCE4-4A5E-A921-D291066A3E34}.Release|Any CPU.Build.0 = Release|Any CPU
		{F561D4FB-93AC-4EA0-B486-DF6CB41820C7}.Debug|Any CPU.ActiveCfg = Debug|Any CPU
		{F561D4FB-93AC-4EA0-B486-DF6CB41820C7}.Debug|Any CPU.Build.0 = Debug|Any CPU
		{F561D4FB-93AC-4EA0-B486-DF6CB41820C7}.Release|Any CPU.ActiveCfg = Release|Any CPU
		{F561D4FB-93AC-4EA0-B486-DF6CB41820C7}.Release|Any CPU.Build.0 = Release|Any CPU
		{1E3617E1-BDCD-4ABF-9979-DC5B1D313807}.Debug|Any CPU.ActiveCfg = Debug|Any CPU
		{1E3617E1-BDCD-4ABF-9979-DC5B1D313807}.Debug|Any CPU.Build.0 = Debug|Any CPU
		{1E3617E1-BDCD-4ABF-9979-DC5B1D313807}.Release|Any CPU.ActiveCfg = Release|Any CPU
		{1E3617E1-BDCD-4ABF-9979-DC5B1D313807}.Release|Any CPU.Build.0 = Release|Any CPU
		{6C3E126D-C803-4FA8-BA6E-BA76EE4ED7BA}.Debug|Any CPU.ActiveCfg = Debug|Any CPU
		{6C3E126D-C803-4FA8-BA6E-BA76EE4ED7BA}.Debug|Any CPU.Build.0 = Debug|Any CPU
		{6C3E126D-C803-4FA8-BA6E-BA76EE4ED7BA}.Release|Any CPU.ActiveCfg = Release|Any CPU
		{6C3E126D-C803-4FA8-BA6E-BA76EE4ED7BA}.Release|Any CPU.Build.0 = Release|Any CPU
		{18BA218F-8E2B-4F1D-905F-5D9802DE732F}.Debug|Any CPU.ActiveCfg = Debug|Any CPU
		{18BA218F-8E2B-4F1D-905F-5D9802DE732F}.Debug|Any CPU.Build.0 = Debug|Any CPU
		{18BA218F-8E2B-4F1D-905F-5D9802DE732F}.Release|Any CPU.ActiveCfg = Release|Any CPU
		{18BA218F-8E2B-4F1D-905F-5D9802DE732F}.Release|Any CPU.Build.0 = Release|Any CPU
		{FE83B116-3BC2-4A00-9B06-984D0AE2A72E}.Debug|Any CPU.ActiveCfg = Debug|Any CPU
		{FE83B116-3BC2-4A00-9B06-984D0AE2A72E}.Debug|Any CPU.Build.0 = Debug|Any CPU
		{FE83B116-3BC2-4A00-9B06-984D0AE2A72E}.Release|Any CPU.ActiveCfg = Release|Any CPU
		{FE83B116-3BC2-4A00-9B06-984D0AE2A72E}.Release|Any CPU.Build.0 = Release|Any CPU
		{7A6D7CAB-6BC3-4D9C-A3F3-39AB2096FE14}.Debug|Any CPU.ActiveCfg = Debug|Any CPU
		{7A6D7CAB-6BC3-4D9C-A3F3-39AB2096FE14}.Debug|Any CPU.Build.0 = Debug|Any CPU
		{7A6D7CAB-6BC3-4D9C-A3F3-39AB2096FE14}.Release|Any CPU.ActiveCfg = Release|Any CPU
		{7A6D7CAB-6BC3-4D9C-A3F3-39AB2096FE14}.Release|Any CPU.Build.0 = Release|Any CPU
		{7CB8AC68-31A9-4C13-BD79-34D5DC958B29}.Debug|Any CPU.ActiveCfg = Debug|Any CPU
		{7CB8AC68-31A9-4C13-BD79-34D5DC958B29}.Debug|Any CPU.Build.0 = Debug|Any CPU
		{7CB8AC68-31A9-4C13-BD79-34D5DC958B29}.Release|Any CPU.ActiveCfg = Release|Any CPU
		{7CB8AC68-31A9-4C13-BD79-34D5DC958B29}.Release|Any CPU.Build.0 = Release|Any CPU
		{60D0F8D9-3BE0-4A33-A38F-A45BC34506CF}.Debug|Any CPU.ActiveCfg = Debug|Any CPU
		{60D0F8D9-3BE0-4A33-A38F-A45BC34506CF}.Debug|Any CPU.Build.0 = Debug|Any CPU
		{60D0F8D9-3BE0-4A33-A38F-A45BC34506CF}.Release|Any CPU.ActiveCfg = Release|Any CPU
		{60D0F8D9-3BE0-4A33-A38F-A45BC34506CF}.Release|Any CPU.Build.0 = Release|Any CPU
		{8A758D5B-B7C3-4E51-A853-026AB61A0A45}.Debug|Any CPU.ActiveCfg = Debug|Any CPU
		{8A758D5B-B7C3-4E51-A853-026AB61A0A45}.Debug|Any CPU.Build.0 = Debug|Any CPU
		{8A758D5B-B7C3-4E51-A853-026AB61A0A45}.Release|Any CPU.ActiveCfg = Release|Any CPU
		{8A758D5B-B7C3-4E51-A853-026AB61A0A45}.Release|Any CPU.Build.0 = Release|Any CPU
		{18D16F82-EEFC-4020-B8EE-9A46AF17ECC6}.Debug|Any CPU.ActiveCfg = Debug|Any CPU
		{18D16F82-EEFC-4020-B8EE-9A46AF17ECC6}.Debug|Any CPU.Build.0 = Debug|Any CPU
		{18D16F82-EEFC-4020-B8EE-9A46AF17ECC6}.Release|Any CPU.ActiveCfg = Release|Any CPU
		{18D16F82-EEFC-4020-B8EE-9A46AF17ECC6}.Release|Any CPU.Build.0 = Release|Any CPU
		{FDFB23DA-3443-4385-9081-81ADD0526170}.Debug|Any CPU.ActiveCfg = Debug|Any CPU
		{FDFB23DA-3443-4385-9081-81ADD0526170}.Debug|Any CPU.Build.0 = Debug|Any CPU
		{FDFB23DA-3443-4385-9081-81ADD0526170}.Release|Any CPU.ActiveCfg = Release|Any CPU
		{FDFB23DA-3443-4385-9081-81ADD0526170}.Release|Any CPU.Build.0 = Release|Any CPU
		{47E1CD19-BCA9-47D8-B3E0-48B05A3D9234}.Debug|Any CPU.ActiveCfg = Debug|Any CPU
		{47E1CD19-BCA9-47D8-B3E0-48B05A3D9234}.Debug|Any CPU.Build.0 = Debug|Any CPU
		{47E1CD19-BCA9-47D8-B3E0-48B05A3D9234}.Release|Any CPU.ActiveCfg = Release|Any CPU
		{47E1CD19-BCA9-47D8-B3E0-48B05A3D9234}.Release|Any CPU.Build.0 = Release|Any CPU
		{33DCEEEF-8775-48D6-9E0E-C520D59AF475}.Debug|Any CPU.ActiveCfg = Debug|Any CPU
		{33DCEEEF-8775-48D6-9E0E-C520D59AF475}.Debug|Any CPU.Build.0 = Debug|Any CPU
		{33DCEEEF-8775-48D6-9E0E-C520D59AF475}.Release|Any CPU.ActiveCfg = Release|Any CPU
		{33DCEEEF-8775-48D6-9E0E-C520D59AF475}.Release|Any CPU.Build.0 = Release|Any CPU
		{7CCB8AA7-30AE-429E-A8D5-DE1B685F6527}.Debug|Any CPU.ActiveCfg = Debug|Any CPU
		{7CCB8AA7-30AE-429E-A8D5-DE1B685F6527}.Debug|Any CPU.Build.0 = Debug|Any CPU
		{7CCB8AA7-30AE-429E-A8D5-DE1B685F6527}.Release|Any CPU.ActiveCfg = Release|Any CPU
		{7CCB8AA7-30AE-429E-A8D5-DE1B685F6527}.Release|Any CPU.Build.0 = Release|Any CPU
		{0AEE01F5-9DA1-4C2D-9DBC-A44C1901FD71}.Debug|Any CPU.ActiveCfg = Debug|Any CPU
		{0AEE01F5-9DA1-4C2D-9DBC-A44C1901FD71}.Debug|Any CPU.Build.0 = Debug|Any CPU
		{0AEE01F5-9DA1-4C2D-9DBC-A44C1901FD71}.Release|Any CPU.ActiveCfg = Release|Any CPU
		{0AEE01F5-9DA1-4C2D-9DBC-A44C1901FD71}.Release|Any CPU.Build.0 = Release|Any CPU
	EndGlobalSection
	GlobalSection(SolutionProperties) = preSolution
		HideSolutionNode = FALSE
	EndGlobalSection
	GlobalSection(NestedProjects) = preSolution
		{EF3C361E-4329-4AAE-9447-97B05CD62145} = {F222B97D-85BA-4A9C-866B-228E554790D1}
		{22B7D3D3-2466-4B54-8D68-C6DA0F6E1668} = {F222B97D-85BA-4A9C-866B-228E554790D1}
		{A81E9975-FAD3-4487-A926-A9160DC55A3E} = {F222B97D-85BA-4A9C-866B-228E554790D1}
		{F261FF7F-DCE4-4A5E-A921-D291066A3E34} = {F222B97D-85BA-4A9C-866B-228E554790D1}
		{F561D4FB-93AC-4EA0-B486-DF6CB41820C7} = {94715045-3299-4D2A-9324-10755A65E3C4}
		{1E3617E1-BDCD-4ABF-9979-DC5B1D313807} = {94715045-3299-4D2A-9324-10755A65E3C4}
		{6C3E126D-C803-4FA8-BA6E-BA76EE4ED7BA} = {94715045-3299-4D2A-9324-10755A65E3C4}
		{18BA218F-8E2B-4F1D-905F-5D9802DE732F} = {94715045-3299-4D2A-9324-10755A65E3C4}
		{FE83B116-3BC2-4A00-9B06-984D0AE2A72E} = {05C62DD9-2BDD-4783-9907-8F92A830C5BF}
		{7A6D7CAB-6BC3-4D9C-A3F3-39AB2096FE14} = {85596D5F-2443-4C5F-B74F-C39DEDD04B62}
		{7CB8AC68-31A9-4C13-BD79-34D5DC958B29} = {85596D5F-2443-4C5F-B74F-C39DEDD04B62}
		{60D0F8D9-3BE0-4A33-A38F-A45BC34506CF} = {85596D5F-2443-4C5F-B74F-C39DEDD04B62}
		{8A758D5B-B7C3-4E51-A853-026AB61A0A45} = {85596D5F-2443-4C5F-B74F-C39DEDD04B62}
		{18D16F82-EEFC-4020-B8EE-9A46AF17ECC6} = {85596D5F-2443-4C5F-B74F-C39DEDD04B62}
		{FDFB23DA-3443-4385-9081-81ADD0526170} = {6A17BA15-66FA-426D-9E6E-7F99BC5FDC86}
		{47E1CD19-BCA9-47D8-B3E0-48B05A3D9234} = {6A17BA15-66FA-426D-9E6E-7F99BC5FDC86}
		{33DCEEEF-8775-48D6-9E0E-C520D59AF475} = {6A17BA15-66FA-426D-9E6E-7F99BC5FDC86}
		{7CCB8AA7-30AE-429E-A8D5-DE1B685F6527} = {6A17BA15-66FA-426D-9E6E-7F99BC5FDC86}
		{0AEE01F5-9DA1-4C2D-9DBC-A44C1901FD71} = {6A17BA15-66FA-426D-9E6E-7F99BC5FDC86}
	EndGlobalSection
	GlobalSection(ExtensibilityGlobals) = postSolution
		SolutionGuid = {7E8982C6-71D7-4F3F-9A5F-6D2E3ECF4F1A}
	EndGlobalSection
EndGlobal
